<?xml version="1.0" encoding="utf-8"?>
<Project ToolsVersion="4.0" xmlns="http://schemas.microsoft.com/developer/msbuild/2003">
  <ItemGroup>
    <Filter Include="Исходные файлы">
      <UniqueIdentifier>{4FC737F1-C7A5-4376-A066-2A32D752A2FF}</UniqueIdentifier>
      <Extensions>cpp;c;cc;cxx;def;odl;idl;hpj;bat;asm;asmx</Extensions>
    </Filter>
    <Filter Include="Файлы заголовков">
      <UniqueIdentifier>{93995380-89BD-4b04-88EB-625FBE52EBFB}</UniqueIdentifier>
      <Extensions>h;hh;hpp;hxx;hm;inl;inc;ipp;xsd</Extensions>
    </Filter>
    <Filter Include="Файлы ресурсов">
      <UniqueIdentifier>{67DA6AB6-F800-4c08-8B7A-83BB121AAD01}</UniqueIdentifier>
      <Extensions>rc;ico;cur;bmp;dlg;rc2;rct;bin;rgs;gif;jpg;jpeg;jpe;resx;tiff;tif;png;wav;mfcribbon-ms</Extensions>
    </Filter>
    <Filter Include="Файлы ресурсов\White_checker">
      <UniqueIdentifier>{2ebc505a-5702-4457-b608-002a0d3e3c3d}</UniqueIdentifier>
    </Filter>
    <Filter Include="Файлы ресурсов\Black_checher">
      <UniqueIdentifier>{3d70ee45-d7f5-44ed-809f-4ffd1534b727}</UniqueIdentifier>
    </Filter>
    <Filter Include="Файлы ресурсов\Shaders">
      <UniqueIdentifier>{1d0e0f2a-6106-410e-b6fc-981d1d855c20}</UniqueIdentifier>
    </Filter>
    <Filter Include="Файлы ресурсов\Highlight">
      <UniqueIdentifier>{8e86ded1-8b24-42c1-a874-5c64f1f1ac04}</UniqueIdentifier>
    </Filter>
    <Filter Include="Файлы ресурсов\Highlight\Textures">
      <UniqueIdentifier>{8ee816d5-42ef-4dfb-9c8e-d6ebd96a4805}</UniqueIdentifier>
    </Filter>
  </ItemGroup>
  <ItemGroup>
    <ClCompile Include="main.cpp">
      <Filter>Исходные файлы</Filter>
    </ClCompile>
  </ItemGroup>
  <ItemGroup>
    <ClInclude Include="camera.h">
      <Filter>Файлы заголовков</Filter>
    </ClInclude>
    <ClInclude Include="model.h">
      <Filter>Файлы заголовков</Filter>
    </ClInclude>
    <ClInclude Include="shader.h">
      <Filter>Файлы заголовков</Filter>
    </ClInclude>
    <ClInclude Include="mesh.h">
      <Filter>Файлы заголовков</Filter>
    </ClInclude>
    <ClInclude Include="checker.h">
      <Filter>Файлы заголовков</Filter>
    </ClInclude>
    <ClInclude Include="Object.h">
      <Filter>Файлы заголовков</Filter>
    </ClInclude>
    <ClInclude Include="CheckerBoard.h">
      <Filter>Файлы заголовков</Filter>
    </ClInclude>
  </ItemGroup>
  <ItemGroup>
    <None Include="..\resources\objects\checker_white\shashka v4.mtl">
      <Filter>Файлы ресурсов\White_checker</Filter>
    </None>
    <None Include="..\resources\objects\checker_black\shashka v4.mtl">
      <Filter>Файлы ресурсов\Black_checher</Filter>
    </None>
    <None Include="..\resources\objects\checker_white\shashka v4.obj">
      <Filter>Файлы ресурсов\Black_checher</Filter>
    </None>
    <None Include="..\resources\objects\checker_black\shashka v4.obj">
      <Filter>Файлы ресурсов\White_checker</Filter>
    </None>
    <None Include="..\Shaders\6.light_cube.fs">
      <Filter>Файлы ресурсов\Shaders</Filter>
    </None>
    <None Include="..\Shaders\6.light_cube.vs">
      <Filter>Файлы ресурсов\Shaders</Filter>
    </None>
    <None Include="..\Shaders\6.multiple_lights.fs">
      <Filter>Файлы ресурсов\Shaders</Filter>
    </None>
    <None Include="..\Shaders\6.multiple_lights.vs">
      <Filter>Файлы ресурсов\Shaders</Filter>
    </None>
    <None Include="..\resources\objects\highlight\Info.blend">
      <Filter>Файлы ресурсов\Highlight</Filter>
    </None>
    <None Include="..\resources\objects\highlight\Info.fbx">
      <Filter>Файлы ресурсов\Highlight</Filter>
    </None>
    <None Include="..\resources\objects\highlight\Info.mtl">
      <Filter>Файлы ресурсов\Highlight</Filter>
    </None>
    <None Include="..\resources\objects\highlight\Info.stl">
      <Filter>Файлы ресурсов\Highlight</Filter>
    </None>
    <None Include="..\resources\objects\highlight\Info.obj">
      <Filter>Файлы ресурсов\Highlight</Filter>
    </None>
  </ItemGroup>
  <ItemGroup>
    <Image Include="..\resources\objects\checker_white\DefaultMaterial_BaseColor.png">
      <Filter>Файлы ресурсов\White_checker</Filter>
    </Image>
    <Image Include="..\resources\objects\checker_black\DefaultMaterial_BaseColor.png">
      <Filter>Файлы ресурсов\Black_checher</Filter>
    </Image>
    <Image Include="..\resources\objects\highlight\Textures\DefaultMaterial_Base_Color.png">
      <Filter>Файлы ресурсов\Highlight\Textures</Filter>
    </Image>
    <Image Include="..\resources\objects\highlight\Textures\DefaultMaterial_Height.png">
      <Filter>Файлы ресурсов\Highlight\Textures</Filter>
    </Image>
    <Image Include="..\resources\objects\highlight\Textures\DefaultMaterial_Metallic.png">
      <Filter>Файлы ресурсов\Highlight\Textures</Filter>
    </Image>
    <Image Include="..\resources\objects\highlight\Textures\DefaultMaterial_Mixed_AO.png">
      <Filter>Файлы ресурсов\Highlight\Textures</Filter>
    </Image>
    <Image Include="..\resources\objects\highlight\Textures\DefaultMaterial_Normal.png">
      <Filter>Файлы ресурсов\Highlight\Textures</Filter>
    </Image>
    <Image Include="..\resources\objects\highlight\Textures\DefaultMaterial_Normal_OpenGL.png">
      <Filter>Файлы ресурсов\Highlight\Textures</Filter>
    </Image>
    <Image Include="..\resources\objects\highlight\Textures\DefaultMaterial_Roughness.png">
      <Filter>Файлы ресурсов\Highlight\Textures</Filter>
    </Image>
  </ItemGroup>
</Project>